
Microsoft Visual Studio Solution File, Format Version 12.00
# Visual Studio Version 17
VisualStudioVersion = 17.6.33829.357
MinimumVisualStudioVersion = 10.0.40219.1
Project("{9A19103F-16F7-4668-BE54-9A1E7A4F7556}") = "LineBotMessage", "LineBot\LineBotMessage.csproj", "{C8B008F7-0088-4B8A-A0C2-26CE975F394E}"
EndProject
Project("{9A19103F-16F7-4668-BE54-9A1E7A4F7556}") = "HKDB", "HKDB\HKDB.csproj", "{23F784C8-EB22-43E3-848B-E685597D2159}"
EndProject
Project("{FAE04EC0-301F-11D3-BF4B-00C04F79EFBC}") = "AskApi", "AskApi\AskApi.csproj", "{5E2B90CE-C3BD-44A1-ADD8-5FF911B4FBCE}"
EndProject
Global
	GlobalSection(SolutionConfigurationPlatforms) = preSolution
		Debug|Any CPU = Debug|Any CPU
		Release|Any CPU = Release|Any CPU
	EndGlobalSection
	GlobalSection(ProjectConfigurationPlatforms) = postSolution
		{C8B008F7-0088-4B8A-A0C2-26CE975F394E}.Debug|Any CPU.ActiveCfg = Debug|Any CPU
		{C8B008F7-0088-4B8A-A0C2-26CE975F394E}.Debug|Any CPU.Build.0 = Debug|Any CPU
		{C8B008F7-0088-4B8A-A0C2-26CE975F394E}.Release|Any CPU.ActiveCfg = Release|Any CPU
		{C8B008F7-0088-4B8A-A0C2-26CE975F394E}.Release|Any CPU.Build.0 = Release|Any CPU
		{23F784C8-EB22-43E3-848B-E685597D2159}.Debug|Any CPU.ActiveCfg = Debug|Any CPU
		{23F784C8-EB22-43E3-848B-E685597D2159}.Debug|Any CPU.Build.0 = Debug|Any CPU
		{23F784C8-EB22-43E3-848B-E685597D2159}.Release|Any CPU.ActiveCfg = Release|Any CPU
		{23F784C8-EB22-43E3-848B-E685597D2159}.Release|Any CPU.Build.0 = Release|Any CPU
		{5E2B90CE-C3BD-44A1-ADD8-5FF911B4FBCE}.Debug|Any CPU.ActiveCfg = Debug|Any CPU
		{5E2B90CE-C3BD-44A1-ADD8-5FF911B4FBCE}.Debug|Any CPU.Build.0 = Debug|Any CPU
		{5E2B90CE-C3BD-44A1-ADD8-5FF911B4FBCE}.Release|Any CPU.ActiveCfg = Release|Any CPU
		{5E2B90CE-C3BD-44A1-ADD8-5FF911B4FBCE}.Release|Any CPU.Build.0 = Release|Any CPU
	EndGlobalSection
	GlobalSection(SolutionProperties) = preSolution
		HideSolutionNode = FALSE
	EndGlobalSection
	GlobalSection(ExtensibilityGlobals) = postSolution
		SolutionGuid = {B55C701F-4A92-4F0B-A73B-477532806C87}
	EndGlobalSection
EndGlobal
